// !$*UTF8*$!
{
	archiveVersion = 1;
	classes = {
	};
	objectVersion = 48;
	objects = {

/* Begin PBXBuildFile section */
		9E25AA9C1F8762A700A5F3D9 /* ViewControllerExtension.swift in Sources */ = {isa = PBXBuildFile; fileRef = 9E25AA9B1F8762A700A5F3D9 /* ViewControllerExtension.swift */; };
		9E25AA9E1F8762C300A5F3D9 /* CollectionViewExtension.swift in Sources */ = {isa = PBXBuildFile; fileRef = 9E25AA9D1F8762C300A5F3D9 /* CollectionViewExtension.swift */; };
		9E25AAA01F8762EA00A5F3D9 /* DateExtension.swift in Sources */ = {isa = PBXBuildFile; fileRef = 9E25AA9F1F8762EA00A5F3D9 /* DateExtension.swift */; };
		9E956B3D1F864B580032E5BF /* AppDelegate.swift in Sources */ = {isa = PBXBuildFile; fileRef = 9E956B3C1F864B580032E5BF /* AppDelegate.swift */; };
		9E956B3F1F864B580032E5BF /* ViewController.swift in Sources */ = {isa = PBXBuildFile; fileRef = 9E956B3E1F864B580032E5BF /* ViewController.swift */; };
		9E956B421F864B580032E5BF /* Main.storyboard in Resources */ = {isa = PBXBuildFile; fileRef = 9E956B401F864B580032E5BF /* Main.storyboard */; };
		9E956B441F864B580032E5BF /* Assets.xcassets in Resources */ = {isa = PBXBuildFile; fileRef = 9E956B431F864B580032E5BF /* Assets.xcassets */; };
		9E956B471F864B580032E5BF /* LaunchScreen.storyboard in Resources */ = {isa = PBXBuildFile; fileRef = 9E956B451F864B580032E5BF /* LaunchScreen.storyboard */; };
		9E956B571F864BE60032E5BF /* LandeoCalendar.swift in Sources */ = {isa = PBXBuildFile; fileRef = 9E956B4F1F864B6D0032E5BF /* LandeoCalendar.swift */; };
		9E956B581F864BE90032E5BF /* DateModel.swift in Sources */ = {isa = PBXBuildFile; fileRef = 9E956B501F864B730032E5BF /* DateModel.swift */; };
		9E956B5A1F864BE90032E5BF /* CalendarHeaderView.swift in Sources */ = {isa = PBXBuildFile; fileRef = 9E956B561F864B730032E5BF /* CalendarHeaderView.swift */; };
		9E956B5B1F864BE90032E5BF /* CalendarHeaderView.xib in Resources */ = {isa = PBXBuildFile; fileRef = 9E956B511F864B730032E5BF /* CalendarHeaderView.xib */; };
		9E956B5C1F864BE90032E5BF /* CalendarCell.swift in Sources */ = {isa = PBXBuildFile; fileRef = 9E956B551F864B730032E5BF /* CalendarCell.swift */; };
		9E956B5D1F864BE90032E5BF /* CalendarCell.xib in Resources */ = {isa = PBXBuildFile; fileRef = 9E956B531F864B730032E5BF /* CalendarCell.xib */; };
		9E956B5E1F864BE90032E5BF /* CalendarDelegate.swift in Sources */ = {isa = PBXBuildFile; fileRef = 9E956B541F864B730032E5BF /* CalendarDelegate.swift */; };
/* End PBXBuildFile section */

/* Begin PBXFileReference section */
		9E25AA9B1F8762A700A5F3D9 /* ViewControllerExtension.swift */ = {isa = PBXFileReference; lastKnownFileType = sourcecode.swift; path = ViewControllerExtension.swift; sourceTree = "<group>"; };
		9E25AA9D1F8762C300A5F3D9 /* CollectionViewExtension.swift */ = {isa = PBXFileReference; lastKnownFileType = sourcecode.swift; path = CollectionViewExtension.swift; sourceTree = "<group>"; };
		9E25AA9F1F8762EA00A5F3D9 /* DateExtension.swift */ = {isa = PBXFileReference; lastKnownFileType = sourcecode.swift; path = DateExtension.swift; sourceTree = "<group>"; };
		9E956B391F864B580032E5BF /* LandeoCalendar.app */ = {isa = PBXFileReference; explicitFileType = wrapper.application; includeInIndex = 0; path = LandeoCalendar.app; sourceTree = BUILT_PRODUCTS_DIR; };
		9E956B3C1F864B580032E5BF /* AppDelegate.swift */ = {isa = PBXFileReference; lastKnownFileType = sourcecode.swift; path = AppDelegate.swift; sourceTree = "<group>"; };
		9E956B3E1F864B580032E5BF /* ViewController.swift */ = {isa = PBXFileReference; lastKnownFileType = sourcecode.swift; path = ViewController.swift; sourceTree = "<group>"; };
		9E956B411F864B580032E5BF /* Base */ = {isa = PBXFileReference; lastKnownFileType = file.storyboard; name = Base; path = Base.lproj/Main.storyboard; sourceTree = "<group>"; };
		9E956B431F864B580032E5BF /* Assets.xcassets */ = {isa = PBXFileReference; lastKnownFileType = folder.assetcatalog; path = Assets.xcassets; sourceTree = "<group>"; };
		9E956B461F864B580032E5BF /* Base */ = {isa = PBXFileReference; lastKnownFileType = file.storyboard; name = Base; path = Base.lproj/LaunchScreen.storyboard; sourceTree = "<group>"; };
		9E956B481F864B580032E5BF /* Info.plist */ = {isa = PBXFileReference; lastKnownFileType = text.plist.xml; path = Info.plist; sourceTree = "<group>"; };
		9E956B4F1F864B6D0032E5BF /* LandeoCalendar.swift */ = {isa = PBXFileReference; lastKnownFileType = sourcecode.swift; path = LandeoCalendar.swift; sourceTree = "<group>"; };
		9E956B501F864B730032E5BF /* DateModel.swift */ = {isa = PBXFileReference; lastKnownFileType = sourcecode.swift; path = DateModel.swift; sourceTree = "<group>"; };
		9E956B511F864B730032E5BF /* CalendarHeaderView.xib */ = {isa = PBXFileReference; lastKnownFileType = file.xib; path = CalendarHeaderView.xib; sourceTree = "<group>"; };
		9E956B531F864B730032E5BF /* CalendarCell.xib */ = {isa = PBXFileReference; lastKnownFileType = file.xib; path = CalendarCell.xib; sourceTree = "<group>"; };
		9E956B541F864B730032E5BF /* CalendarDelegate.swift */ = {isa = PBXFileReference; lastKnownFileType = sourcecode.swift; path = CalendarDelegate.swift; sourceTree = "<group>"; };
		9E956B551F864B730032E5BF /* CalendarCell.swift */ = {isa = PBXFileReference; lastKnownFileType = sourcecode.swift; path = CalendarCell.swift; sourceTree = "<group>"; };
		9E956B561F864B730032E5BF /* CalendarHeaderView.swift */ = {isa = PBXFileReference; lastKnownFileType = sourcecode.swift; path = CalendarHeaderView.swift; sourceTree = "<group>"; };
/* End PBXFileReference section */

/* Begin PBXFrameworksBuildPhase section */
		9E956B361F864B580032E5BF /* Frameworks */ = {
			isa = PBXFrameworksBuildPhase;
			buildActionMask = 2147483647;
			files = (
			);
			runOnlyForDeploymentPostprocessing = 0;
		};
/* End PBXFrameworksBuildPhase section */

/* Begin PBXGroup section */
		9E25AA9A1F875F1800A5F3D9 /* Extensions */ = {
			isa = PBXGroup;
			children = (
				9E25AA9B1F8762A700A5F3D9 /* ViewControllerExtension.swift */,
				9E25AA9D1F8762C300A5F3D9 /* CollectionViewExtension.swift */,
				9E25AA9F1F8762EA00A5F3D9 /* DateExtension.swift */,
			);
			name = Extensions;
			sourceTree = "<group>";
		};
		9E25AAA11F87630700A5F3D9 /* XIBs */ = {
			isa = PBXGroup;
			children = (
				9E956B511F864B730032E5BF /* CalendarHeaderView.xib */,
				9E956B531F864B730032E5BF /* CalendarCell.xib */,
			);
			name = XIBs;
			sourceTree = "<group>";
		};
		9E956B301F864B580032E5BF = {
			isa = PBXGroup;
			children = (
				9E956B3B1F864B580032E5BF /* LandeoCalendar */,
				9E956B3A1F864B580032E5BF /* Products */,
			);
			sourceTree = "<group>";
		};
		9E956B3A1F864B580032E5BF /* Products */ = {
			isa = PBXGroup;
			children = (
				9E956B391F864B580032E5BF /* LandeoCalendar.app */,
			);
			name = Products;
			sourceTree = "<group>";
		};
		9E956B3B1F864B580032E5BF /* LandeoCalendar */ = {
			isa = PBXGroup;
			children = (
				9E956B4E1F864B5F0032E5BF /* Calendar */,
				9E956B3C1F864B580032E5BF /* AppDelegate.swift */,
				9E956B3E1F864B580032E5BF /* ViewController.swift */,
				9E956B401F864B580032E5BF /* Main.storyboard */,
				9E956B431F864B580032E5BF /* Assets.xcassets */,
				9E956B451F864B580032E5BF /* LaunchScreen.storyboard */,
				9E956B481F864B580032E5BF /* Info.plist */,
			);
			path = LandeoCalendar;
			sourceTree = "<group>";
		};
		9E956B4E1F864B5F0032E5BF /* Calendar */ = {
			isa = PBXGroup;
			children = (
				9E956B4F1F864B6D0032E5BF /* LandeoCalendar.swift */,
				9E956B501F864B730032E5BF /* DateModel.swift */,
				9E956B561F864B730032E5BF /* CalendarHeaderView.swift */,
				9E956B551F864B730032E5BF /* CalendarCell.swift */,
				9E956B541F864B730032E5BF /* CalendarDelegate.swift */,
				9E25AAA11F87630700A5F3D9 /* XIBs */,
				9E25AA9A1F875F1800A5F3D9 /* Extensions */,
			);
			path = Calendar;
			sourceTree = "<group>";
		};
/* End PBXGroup section */

/* Begin PBXNativeTarget section */
		9E956B381F864B580032E5BF /* LandeoCalendar */ = {
			isa = PBXNativeTarget;
			buildConfigurationList = 9E956B4B1F864B580032E5BF /* Build configuration list for PBXNativeTarget "LandeoCalendar" */;
			buildPhases = (
				9E956B351F864B580032E5BF /* Sources */,
				9E956B361F864B580032E5BF /* Frameworks */,
				9E956B371F864B580032E5BF /* Resources */,
			);
			buildRules = (
			);
			dependencies = (
			);
			name = LandeoCalendar;
			productName = LandeoCalendar;
			productReference = 9E956B391F864B580032E5BF /* LandeoCalendar.app */;
			productType = "com.apple.product-type.application";
		};
/* End PBXNativeTarget section */

/* Begin PBXProject section */
		9E956B311F864B580032E5BF /* Project object */ = {
			isa = PBXProject;
			attributes = {
				LastSwiftUpdateCheck = 0900;
				LastUpgradeCheck = 0900;
				ORGANIZATIONNAME = AppLandeo;
				TargetAttributes = {
					9E956B381F864B580032E5BF = {
						CreatedOnToolsVersion = 9.0;
						ProvisioningStyle = Automatic;
					};
				};
			};
			buildConfigurationList = 9E956B341F864B580032E5BF /* Build configuration list for PBXProject "LandeoCalendar" */;
			compatibilityVersion = "Xcode 8.0";
			developmentRegion = en;
			hasScannedForEncodings = 0;
			knownRegions = (
				en,
				Base,
			);
			mainGroup = 9E956B301F864B580032E5BF;
			productRefGroup = 9E956B3A1F864B580032E5BF /* Products */;
			projectDirPath = "";
			projectRoot = "";
			targets = (
				9E956B381F864B580032E5BF /* LandeoCalendar */,
			);
		};
/* End PBXProject section */

/* Begin PBXResourcesBuildPhase section */
		9E956B371F864B580032E5BF /* Resources */ = {
			isa = PBXResourcesBuildPhase;
			buildActionMask = 2147483647;
			files = (
				9E956B471F864B580032E5BF /* LaunchScreen.storyboard in Resources */,
				9E956B5B1F864BE90032E5BF /* CalendarHeaderView.xib in Resources */,
				9E956B441F864B580032E5BF /* Assets.xcassets in Resources */,
				9E956B421F864B580032E5BF /* Main.storyboard in Resources */,
				9E956B5D1F864BE90032E5BF /* CalendarCell.xib in Resources */,
			);
			runOnlyForDeploymentPostprocessing = 0;
		};
/* End PBXResourcesBuildPhase section */

/* Begin PBXSourcesBuildPhase section */
		9E956B351F864B580032E5BF /* Sources */ = {
			isa = PBXSourcesBuildPhase;
			buildActionMask = 2147483647;
			files = (
				9E956B5C1F864BE90032E5BF /* CalendarCell.swift in Sources */,
				9E25AA9C1F8762A700A5F3D9 /* ViewControllerExtension.swift in Sources */,
				9E956B5A1F864BE90032E5BF /* CalendarHeaderView.swift in Sources */,
				9E956B3F1F864B580032E5BF /* ViewController.swift in Sources */,
				9E956B581F864BE90032E5BF /* DateModel.swift in Sources */,
				9E25AAA01F8762EA00A5F3D9 /* DateExtension.swift in Sources */,
				9E956B571F864BE60032E5BF /* LandeoCalendar.swift in Sources */,
				9E956B5E1F864BE90032E5BF /* CalendarDelegate.swift in Sources */,
				9E25AA9E1F8762C300A5F3D9 /* CollectionViewExtension.swift in Sources */,
				9E956B3D1F864B580032E5BF /* AppDelegate.swift in Sources */,
			);
			runOnlyForDeploymentPostprocessing = 0;
		};
/* End PBXSourcesBuildPhase section */

/* Begin PBXVariantGroup section */
		9E956B401F864B580032E5BF /* Main.storyboard */ = {
			isa = PBXVariantGroup;
			children = (
				9E956B411F864B580032E5BF /* Base */,
			);
			name = Main.storyboard;
			sourceTree = "<group>";
		};
		9E956B451F864B580032E5BF /* LaunchScreen.storyboard */ = {
			isa = PBXVariantGroup;
			children = (
				9E956B461F864B580032E5BF /* Base */,
			);
			name = LaunchScreen.storyboard;
			sourceTree = "<group>";
		};
/* End PBXVariantGroup section */

/* Begin XCBuildConfiguration section */
		9E956B491F864B580032E5BF /* Debug */ = {
			isa = XCBuildConfiguration;
			buildSettings = {
				ALWAYS_SEARCH_USER_PATHS = NO;
				CLANG_ANALYZER_NONNULL = YES;
				CLANG_ANALYZER_NUMBER_OBJECT_CONVERSION = YES_AGGRESSIVE;
				CLANG_CXX_LANGUAGE_STANDARD = "gnu++14";
				CLANG_CXX_LIBRARY = "libc++";
				CLANG_ENABLE_MODULES = YES;
				CLANG_ENABLE_OBJC_ARC = YES;
				CLANG_WARN_BLOCK_CAPTURE_AUTORELEASING = YES;
				CLANG_WARN_BOOL_CONVERSION = YES;
				CLANG_WARN_COMMA = YES;
				CLANG_WARN_CONSTANT_CONVERSION = YES;
				CLANG_WARN_DIRECT_OBJC_ISA_USAGE = YES_ERROR;
				CLANG_WARN_DOCUMENTATION_COMMENTS = YES;
				CLANG_WARN_EMPTY_BODY = YES;
				CLANG_WARN_ENUM_CONVERSION = YES;
				CLANG_WARN_INFINITE_RECURSION = YES;
				CLANG_WARN_INT_CONVERSION = YES;
				CLANG_WARN_NON_LITERAL_NULL_CONVERSION = YES;
				CLANG_WARN_OBJC_LITERAL_CONVERSION = YES;
				CLANG_WARN_OBJC_ROOT_CLASS = YES_ERROR;
				CLANG_WARN_RANGE_LOOP_ANALYSIS = YES;
				CLANG_WARN_STRICT_PROTOTYPES = YES;
				CLANG_WARN_SUSPICIOUS_MOVE = YES;
				CLANG_WARN_UNGUARDED_AVAILABILITY = YES_AGGRESSIVE;
				CLANG_WARN_UNREACHABLE_CODE = YES;
				CLANG_WARN__DUPLICATE_METHOD_MATCH = YES;
				CODE_SIGN_IDENTITY = "iPhone Developer";
				COPY_PHASE_STRIP = NO;
				DEBUG_INFORMATION_FORMAT = dwarf;
				ENABLE_STRICT_OBJC_MSGSEND = YES;
				ENABLE_TESTABILITY = YES;
				GCC_C_LANGUAGE_STANDARD = gnu11;
				GCC_DYNAMIC_NO_PIC = NO;
				GCC_NO_COMMON_BLOCKS = YES;
				GCC_OPTIMIZATION_LEVEL = 0;
				GCC_PREPROCESSOR_DEFINITIONS = (
					"DEBUG=1",
					"$(inherited)",
				);
				GCC_WARN_64_TO_32_BIT_CONVERSION = YES;
				GCC_WARN_ABOUT_RETURN_TYPE = YES_ERROR;
				GCC_WARN_UNDECLARED_SELECTOR = YES;
				GCC_WARN_UNINITIALIZED_AUTOS = YES_AGGRESSIVE;
				GCC_WARN_UNUSED_FUNCTION = YES;
				GCC_WARN_UNUSED_VARIABLE = YES;
				IPHONEOS_DEPLOYMENT_TARGET = 11.0;
				MTL_ENABLE_DEBUG_INFO = YES;
				ONLY_ACTIVE_ARCH = YES;
				SDKROOT = iphoneos;
				SWIFT_ACTIVE_COMPILATION_CONDITIONS = DEBUG;
				SWIFT_OPTIMIZATION_LEVEL = "-Onone";
			};
			name = Debug;
		};
		9E956B4A1F864B580032E5BF /* Release */ = {
			isa = XCBuildConfiguration;
			buildSettings = {
				ALWAYS_SEARCH_USER_PATHS = NO;
				CLANG_ANALYZER_NONNULL = YES;
				CLANG_ANALYZER_NUMBER_OBJECT_CONVERSION = YES_AGGRESSIVE;
				CLANG_CXX_LANGUAGE_STANDARD = "gnu++14";
				CLANG_CXX_LIBRARY = "libc++";
				CLANG_ENABLE_MODULES = YES;
				CLANG_ENABLE_OBJC_ARC = YES;
				CLANG_WARN_BLOCK_CAPTURE_AUTORELEASING = YES;
				CLANG_WARN_BOOL_CONVERSION = YES;
				CLANG_WARN_COMMA = YES;
				CLANG_WARN_CONSTANT_CONVERSION = YES;
				CLANG_WARN_DIRECT_OBJC_ISA_USAGE = YES_ERROR;
				CLANG_WARN_DOCUMENTATION_COMMENTS = YES;
				CLANG_WARN_EMPTY_BODY = YES;
				CLANG_WARN_ENUM_CONVERSION = YES;
				CLANG_WARN_INFINITE_RECURSION = YES;
				CLANG_WARN_INT_CONVERSION = YES;
				CLANG_WARN_NON_LITERAL_NULL_CONVERSION = YES;
				CLANG_WARN_OBJC_LITERAL_CONVERSION = YES;
				CLANG_WARN_OBJC_ROOT_CLASS = YES_ERROR;
				CLANG_WARN_RANGE_LOOP_ANALYSIS = YES;
				CLANG_WARN_STRICT_PROTOTYPES = YES;
				CLANG_WARN_SUSPICIOUS_MOVE = YES;
				CLANG_WARN_UNGUARDED_AVAILABILITY = YES_AGGRESSIVE;
				CLANG_WARN_UNREACHABLE_CODE = YES;
				CLANG_WARN__DUPLICATE_METHOD_MATCH = YES;
				CODE_SIGN_IDENTITY = "iPhone Developer";
				COPY_PHASE_STRIP = NO;
				DEBUG_INFORMATION_FORMAT = "dwarf-with-dsym";
				ENABLE_NS_ASSERTIONS = NO;
				ENABLE_STRICT_OBJC_MSGSEND = YES;
				GCC_C_LANGUAGE_STANDARD = gnu11;
				GCC_NO_COMMON_BLOCKS = YES;
				GCC_WARN_64_TO_32_BIT_CONVERSION = YES;
				GCC_WARN_ABOUT_RETURN_TYPE = YES_ERROR;
				GCC_WARN_UNDECLARED_SELECTOR = YES;
				GCC_WARN_UNINITIALIZED_AUTOS = YES_AGGRESSIVE;
				GCC_WARN_UNUSED_FUNCTION = YES;
				GCC_WARN_UNUSED_VARIABLE = YES;
				IPHONEOS_DEPLOYMENT_TARGET = 11.0;
				MTL_ENABLE_DEBUG_INFO = NO;
				SDKROOT = iphoneos;
				SWIFT_OPTIMIZATION_LEVEL = "-Owholemodule";
				VALIDATE_PRODUCT = YES;
			};
			name = Release;
		};
		9E956B4C1F864B580032E5BF /* Debug */ = {
			isa = XCBuildConfiguration;
			buildSettings = {
				ASSETCATALOG_COMPILER_APPICON_NAME = AppIcon;
				CODE_SIGN_STYLE = Automatic;
				DEVELOPMENT_TEAM = 39ZKQ9YZS2;
				INFOPLIST_FILE = LandeoCalendar/Info.plist;
				LD_RUNPATH_SEARCH_PATHS = "$(inherited) @executable_path/Frameworks";
				PRODUCT_BUNDLE_IDENTIFIER = applandeo.LandeoCalendar;
				PRODUCT_NAME = "$(TARGET_NAME)";
				SWIFT_VERSION = 4.0;
				TARGETED_DEVICE_FAMILY = "1,2";
			};
			name = Debug;
		};
		9E956B4D1F864B580032E5BF /* Release */ = {
			isa = XCBuildConfiguration;
			buildSettings = {
				ASSETCATALOG_COMPILER_APPICON_NAME = AppIcon;
				CODE_SIGN_STYLE = Automatic;
				DEVELOPMENT_TEAM = 39ZKQ9YZS2;
				INFOPLIST_FILE = LandeoCalendar/Info.plist;
				LD_RUNPATH_SEARCH_PATHS = "$(inherited) @executable_path/Frameworks";
				PRODUCT_BUNDLE_IDENTIFIER = applandeo.LandeoCalendar;
				PRODUCT_NAME = "$(TARGET_NAME)";
				SWIFT_VERSION = 4.0;
				TARGETED_DEVICE_FAMILY = "1,2";
			};
			name = Release;
		};
/* End XCBuildConfiguration section */

/* Begin XCConfigurationList section */
		9E956B341F864B580032E5BF /* Build configuration list for PBXProject "LandeoCalendar" */ = {
			isa = XCConfigurationList;
			buildConfigurations = (
				9E956B491F864B580032E5BF /* Debug */,
				9E956B4A1F864B580032E5BF /* Release */,
			);
			defaultConfigurationIsVisible = 0;
			defaultConfigurationName = Release;
		};
		9E956B4B1F864B580032E5BF /* Build configuration list for PBXNativeTarget "LandeoCalendar" */ = {
			isa = XCConfigurationList;
			buildConfigurations = (
				9E956B4C1F864B580032E5BF /* Debug */,
				9E956B4D1F864B580032E5BF /* Release */,
			);
			defaultConfigurationIsVisible = 0;
			defaultConfigurationName = Release;
		};
/* End XCConfigurationList section */
	};
	rootObject = 9E956B311F864B580032E5BF /* Project object */;
}
