// !$*UTF8*$!
{
	archiveVersion = 1;
	classes = {
	};
	objectVersion = 48;
	objects = {

/* Begin PBXBuildFile section */
		9E25428A1F8B6CA300F7AB1C /* Info.plist in Resources */ = {isa = PBXBuildFile; fileRef = C2609B5C1F88C48600303A9F /* Info.plist */; };
		C250382B1F8A4DED00BC8CBA /* CalendarEvent.swift in Sources */ = {isa = PBXBuildFile; fileRef = C250382A1F8A4DED00BC8CBA /* CalendarEvent.swift */; };
		C2609B511F88C48600303A9F /* AppDelegate.swift in Sources */ = {isa = PBXBuildFile; fileRef = C2609B501F88C48600303A9F /* AppDelegate.swift */; };
		C2609B531F88C48600303A9F /* ViewController.swift in Sources */ = {isa = PBXBuildFile; fileRef = C2609B521F88C48600303A9F /* ViewController.swift */; };
		C2609B561F88C48600303A9F /* Main.storyboard in Resources */ = {isa = PBXBuildFile; fileRef = C2609B541F88C48600303A9F /* Main.storyboard */; };
		C2609B581F88C48600303A9F /* Assets.xcassets in Resources */ = {isa = PBXBuildFile; fileRef = C2609B571F88C48600303A9F /* Assets.xcassets */; };
		C2609B5B1F88C48600303A9F /* LaunchScreen.storyboard in Resources */ = {isa = PBXBuildFile; fileRef = C2609B591F88C48600303A9F /* LaunchScreen.storyboard */; };
		C2609B661F88C4CF00303A9F /* CalendarView.swift in Sources */ = {isa = PBXBuildFile; fileRef = C2609B651F88C4CF00303A9F /* CalendarView.swift */; };
		C2609B681F88CA2200303A9F /* CalendarCell.swift in Sources */ = {isa = PBXBuildFile; fileRef = C2609B671F88CA2200303A9F /* CalendarCell.swift */; };
		C2609B6B1F88E0CC00303A9F /* DateExtension.swift in Sources */ = {isa = PBXBuildFile; fileRef = C2609B6A1F88E0CC00303A9F /* DateExtension.swift */; };
		C29846C91F89257300539A55 /* CalendarHeaderView.swift in Sources */ = {isa = PBXBuildFile; fileRef = C29846C81F89257300539A55 /* CalendarHeaderView.swift */; };
		C29846CB1F892EB400539A55 /* CollectionViewExtension.swift in Sources */ = {isa = PBXBuildFile; fileRef = C29846CA1F892EB400539A55 /* CollectionViewExtension.swift */; };
		C29846CD1F89379400539A55 /* CalendarHeaderView.xib in Resources */ = {isa = PBXBuildFile; fileRef = C29846CC1F89379400539A55 /* CalendarHeaderView.xib */; };
		C2D827471F8966E00058E542 /* CalendarCell.xib in Resources */ = {isa = PBXBuildFile; fileRef = C2D827461F8966E00058E542 /* CalendarCell.xib */; };
		C2D8274A1F896E1F0058E542 /* CalendarViewDelegate.swift in Sources */ = {isa = PBXBuildFile; fileRef = C2D827491F896E1F0058E542 /* CalendarViewDelegate.swift */; };
/* End PBXBuildFile section */

/* Begin PBXFileReference section */
		C250382A1F8A4DED00BC8CBA /* CalendarEvent.swift */ = {isa = PBXFileReference; lastKnownFileType = sourcecode.swift; path = CalendarEvent.swift; sourceTree = "<group>"; };
		C2609B4D1F88C48600303A9F /* Calendar.app */ = {isa = PBXFileReference; explicitFileType = wrapper.application; includeInIndex = 0; path = Calendar.app; sourceTree = BUILT_PRODUCTS_DIR; };
		C2609B501F88C48600303A9F /* AppDelegate.swift */ = {isa = PBXFileReference; lastKnownFileType = sourcecode.swift; path = AppDelegate.swift; sourceTree = "<group>"; };
		C2609B521F88C48600303A9F /* ViewController.swift */ = {isa = PBXFileReference; lastKnownFileType = sourcecode.swift; path = ViewController.swift; sourceTree = "<group>"; };
		C2609B551F88C48600303A9F /* Base */ = {isa = PBXFileReference; lastKnownFileType = file.storyboard; name = Base; path = Base.lproj/Main.storyboard; sourceTree = "<group>"; };
		C2609B571F88C48600303A9F /* Assets.xcassets */ = {isa = PBXFileReference; lastKnownFileType = folder.assetcatalog; path = Assets.xcassets; sourceTree = "<group>"; };
		C2609B5A1F88C48600303A9F /* Base */ = {isa = PBXFileReference; lastKnownFileType = file.storyboard; name = Base; path = Base.lproj/LaunchScreen.storyboard; sourceTree = "<group>"; };
		C2609B5C1F88C48600303A9F /* Info.plist */ = {isa = PBXFileReference; lastKnownFileType = text.plist.xml; path = Info.plist; sourceTree = "<group>"; };
		C2609B651F88C4CF00303A9F /* CalendarView.swift */ = {isa = PBXFileReference; lastKnownFileType = sourcecode.swift; path = CalendarView.swift; sourceTree = "<group>"; };
		C2609B671F88CA2200303A9F /* CalendarCell.swift */ = {isa = PBXFileReference; lastKnownFileType = sourcecode.swift; path = CalendarCell.swift; sourceTree = "<group>"; };
		C2609B6A1F88E0CC00303A9F /* DateExtension.swift */ = {isa = PBXFileReference; lastKnownFileType = sourcecode.swift; path = DateExtension.swift; sourceTree = "<group>"; };
		C29846C81F89257300539A55 /* CalendarHeaderView.swift */ = {isa = PBXFileReference; lastKnownFileType = sourcecode.swift; path = CalendarHeaderView.swift; sourceTree = "<group>"; };
		C29846CA1F892EB400539A55 /* CollectionViewExtension.swift */ = {isa = PBXFileReference; lastKnownFileType = sourcecode.swift; path = CollectionViewExtension.swift; sourceTree = "<group>"; };
		C29846CC1F89379400539A55 /* CalendarHeaderView.xib */ = {isa = PBXFileReference; lastKnownFileType = file.xib; path = CalendarHeaderView.xib; sourceTree = "<group>"; };
		C2D827461F8966E00058E542 /* CalendarCell.xib */ = {isa = PBXFileReference; lastKnownFileType = file.xib; path = CalendarCell.xib; sourceTree = "<group>"; };
		C2D827491F896E1F0058E542 /* CalendarViewDelegate.swift */ = {isa = PBXFileReference; lastKnownFileType = sourcecode.swift; path = CalendarViewDelegate.swift; sourceTree = "<group>"; };
/* End PBXFileReference section */

/* Begin PBXFrameworksBuildPhase section */
		C2609B4A1F88C48600303A9F /* Frameworks */ = {
			isa = PBXFrameworksBuildPhase;
			buildActionMask = 2147483647;
			files = (
			);
			runOnlyForDeploymentPostprocessing = 0;
		};
/* End PBXFrameworksBuildPhase section */

/* Begin PBXGroup section */
		C2609B441F88C48600303A9F = {
			isa = PBXGroup;
			children = (
				C2609B4F1F88C48600303A9F /* CalendarView */,
				C2609B4E1F88C48600303A9F /* Products */,
			);
			sourceTree = "<group>";
		};
		C2609B4E1F88C48600303A9F /* Products */ = {
			isa = PBXGroup;
			children = (
				C2609B4D1F88C48600303A9F /* Calendar.app */,
			);
			name = Products;
			sourceTree = "<group>";
		};
		C2609B4F1F88C48600303A9F /* CalendarView */ = {
			isa = PBXGroup;
			children = (
				C2609B621F88C48D00303A9F /* CalendarView */,
				C2609B501F88C48600303A9F /* AppDelegate.swift */,
				C2609B521F88C48600303A9F /* ViewController.swift */,
				C2609B541F88C48600303A9F /* Main.storyboard */,
				C2609B571F88C48600303A9F /* Assets.xcassets */,
				C2609B591F88C48600303A9F /* LaunchScreen.storyboard */,
				C2609B5C1F88C48600303A9F /* Info.plist */,
			);
			path = CalendarView;
			sourceTree = "<group>";
		};
		C2609B621F88C48D00303A9F /* CalendarView */ = {
			isa = PBXGroup;
			children = (
				C2D827481F8967160058E542 /* XIBs */,
				C2609B691F88E0BA00303A9F /* Extensions */,
				C2609B651F88C4CF00303A9F /* CalendarView.swift */,
				C2609B671F88CA2200303A9F /* CalendarCell.swift */,
				C29846C81F89257300539A55 /* CalendarHeaderView.swift */,
				C250382A1F8A4DED00BC8CBA /* CalendarEvent.swift */,
				C2D827491F896E1F0058E542 /* CalendarViewDelegate.swift */,
			);
			path = CalendarView;
			sourceTree = "<group>";
		};
		C2609B691F88E0BA00303A9F /* Extensions */ = {
			isa = PBXGroup;
			children = (
				C2609B6A1F88E0CC00303A9F /* DateExtension.swift */,
				C29846CA1F892EB400539A55 /* CollectionViewExtension.swift */,
			);
			path = Extensions;
			sourceTree = "<group>";
		};
		C2D827481F8967160058E542 /* XIBs */ = {
			isa = PBXGroup;
			children = (
				C29846CC1F89379400539A55 /* CalendarHeaderView.xib */,
				C2D827461F8966E00058E542 /* CalendarCell.xib */,
			);
			path = XIBs;
			sourceTree = "<group>";
		};
/* End PBXGroup section */

/* Begin PBXNativeTarget section */
		C2609B4C1F88C48600303A9F /* Calendar */ = {
			isa = PBXNativeTarget;
			buildConfigurationList = C2609B5F1F88C48600303A9F /* Build configuration list for PBXNativeTarget "Calendar" */;
			buildPhases = (
				C2609B491F88C48600303A9F /* Sources */,
				C2609B4A1F88C48600303A9F /* Frameworks */,
				C2609B4B1F88C48600303A9F /* Resources */,
			);
			buildRules = (
			);
			dependencies = (
			);
			name = Calendar;
			productName = Calendar;
			productReference = C2609B4D1F88C48600303A9F /* Calendar.app */;
			productType = "com.apple.product-type.application";
		};
/* End PBXNativeTarget section */

/* Begin PBXProject section */
		C2609B451F88C48600303A9F /* Project object */ = {
			isa = PBXProject;
			attributes = {
				LastSwiftUpdateCheck = 0900;
				LastUpgradeCheck = 0900;
				ORGANIZATIONNAME = AppLandeo;
				TargetAttributes = {
					C2609B4C1F88C48600303A9F = {
						CreatedOnToolsVersion = 9.0;
						ProvisioningStyle = Automatic;
					};
				};
			};
			buildConfigurationList = C2609B481F88C48600303A9F /* Build configuration list for PBXProject "Calendar" */;
			compatibilityVersion = "Xcode 8.0";
			developmentRegion = en;
			hasScannedForEncodings = 0;
			knownRegions = (
				en,
				Base,
			);
			mainGroup = C2609B441F88C48600303A9F;
			productRefGroup = C2609B4E1F88C48600303A9F /* Products */;
			projectDirPath = "";
			projectRoot = "";
			targets = (
				C2609B4C1F88C48600303A9F /* Calendar */,
			);
		};
/* End PBXProject section */

/* Begin PBXResourcesBuildPhase section */
		C2609B4B1F88C48600303A9F /* Resources */ = {
			isa = PBXResourcesBuildPhase;
			buildActionMask = 2147483647;
			files = (
				C2609B5B1F88C48600303A9F /* LaunchScreen.storyboard in Resources */,
				C29846CD1F89379400539A55 /* CalendarHeaderView.xib in Resources */,
				9E25428A1F8B6CA300F7AB1C /* Info.plist in Resources */,
				C2609B581F88C48600303A9F /* Assets.xcassets in Resources */,
				C2609B561F88C48600303A9F /* Main.storyboard in Resources */,
				C2D827471F8966E00058E542 /* CalendarCell.xib in Resources */,
			);
			runOnlyForDeploymentPostprocessing = 0;
		};
/* End PBXResourcesBuildPhase section */

/* Begin PBXSourcesBuildPhase section */
		C2609B491F88C48600303A9F /* Sources */ = {
			isa = PBXSourcesBuildPhase;
			buildActionMask = 2147483647;
			files = (
				C2609B531F88C48600303A9F /* ViewController.swift in Sources */,
				C2609B6B1F88E0CC00303A9F /* DateExtension.swift in Sources */,
				C29846C91F89257300539A55 /* CalendarHeaderView.swift in Sources */,
				C2D8274A1F896E1F0058E542 /* CalendarViewDelegate.swift in Sources */,
				C2609B511F88C48600303A9F /* AppDelegate.swift in Sources */,
				C29846CB1F892EB400539A55 /* CollectionViewExtension.swift in Sources */,
				C250382B1F8A4DED00BC8CBA /* CalendarEvent.swift in Sources */,
				C2609B661F88C4CF00303A9F /* CalendarView.swift in Sources */,
				C2609B681F88CA2200303A9F /* CalendarCell.swift in Sources */,
			);
			runOnlyForDeploymentPostprocessing = 0;
		};
/* End PBXSourcesBuildPhase section */

/* Begin PBXVariantGroup section */
		C2609B541F88C48600303A9F /* Main.storyboard */ = {
			isa = PBXVariantGroup;
			children = (
				C2609B551F88C48600303A9F /* Base */,
			);
			name = Main.storyboard;
			sourceTree = "<group>";
		};
		C2609B591F88C48600303A9F /* LaunchScreen.storyboard */ = {
			isa = PBXVariantGroup;
			children = (
				C2609B5A1F88C48600303A9F /* Base */,
			);
			name = LaunchScreen.storyboard;
			sourceTree = "<group>";
		};
/* End PBXVariantGroup section */

/* Begin XCBuildConfiguration section */
		C2609B5D1F88C48600303A9F /* Debug */ = {
			isa = XCBuildConfiguration;
			buildSettings = {
				ALWAYS_SEARCH_USER_PATHS = NO;
				CLANG_ANALYZER_NONNULL = YES;
				CLANG_ANALYZER_NUMBER_OBJECT_CONVERSION = YES_AGGRESSIVE;
				CLANG_CXX_LANGUAGE_STANDARD = "gnu++14";
				CLANG_CXX_LIBRARY = "libc++";
				CLANG_ENABLE_MODULES = YES;
				CLANG_ENABLE_OBJC_ARC = YES;
				CLANG_WARN_BLOCK_CAPTURE_AUTORELEASING = YES;
				CLANG_WARN_BOOL_CONVERSION = YES;
				CLANG_WARN_COMMA = YES;
				CLANG_WARN_CONSTANT_CONVERSION = YES;
				CLANG_WARN_DIRECT_OBJC_ISA_USAGE = YES_ERROR;
				CLANG_WARN_DOCUMENTATION_COMMENTS = YES;
				CLANG_WARN_EMPTY_BODY = YES;
				CLANG_WARN_ENUM_CONVERSION = YES;
				CLANG_WARN_INFINITE_RECURSION = YES;
				CLANG_WARN_INT_CONVERSION = YES;
				CLANG_WARN_NON_LITERAL_NULL_CONVERSION = YES;
				CLANG_WARN_OBJC_LITERAL_CONVERSION = YES;
				CLANG_WARN_OBJC_ROOT_CLASS = YES_ERROR;
				CLANG_WARN_RANGE_LOOP_ANALYSIS = YES;
				CLANG_WARN_STRICT_PROTOTYPES = YES;
				CLANG_WARN_SUSPICIOUS_MOVE = YES;
				CLANG_WARN_UNGUARDED_AVAILABILITY = YES_AGGRESSIVE;
				CLANG_WARN_UNREACHABLE_CODE = YES;
				CLANG_WARN__DUPLICATE_METHOD_MATCH = YES;
				CODE_SIGN_IDENTITY = "iPhone Developer";
				COPY_PHASE_STRIP = NO;
				DEBUG_INFORMATION_FORMAT = dwarf;
				ENABLE_STRICT_OBJC_MSGSEND = YES;
				ENABLE_TESTABILITY = YES;
				GCC_C_LANGUAGE_STANDARD = gnu11;
				GCC_DYNAMIC_NO_PIC = NO;
				GCC_NO_COMMON_BLOCKS = YES;
				GCC_OPTIMIZATION_LEVEL = 0;
				GCC_PREPROCESSOR_DEFINITIONS = (
					"DEBUG=1",
					"$(inherited)",
				);
				GCC_WARN_64_TO_32_BIT_CONVERSION = YES;
				GCC_WARN_ABOUT_RETURN_TYPE = YES_ERROR;
				GCC_WARN_UNDECLARED_SELECTOR = YES;
				GCC_WARN_UNINITIALIZED_AUTOS = YES_AGGRESSIVE;
				GCC_WARN_UNUSED_FUNCTION = YES;
				GCC_WARN_UNUSED_VARIABLE = YES;
				IPHONEOS_DEPLOYMENT_TARGET = 11.0;
				MTL_ENABLE_DEBUG_INFO = YES;
				ONLY_ACTIVE_ARCH = YES;
				SDKROOT = iphoneos;
				SWIFT_ACTIVE_COMPILATION_CONDITIONS = DEBUG;
				SWIFT_OPTIMIZATION_LEVEL = "-Onone";
			};
			name = Debug;
		};
		C2609B5E1F88C48600303A9F /* Release */ = {
			isa = XCBuildConfiguration;
			buildSettings = {
				ALWAYS_SEARCH_USER_PATHS = NO;
				CLANG_ANALYZER_NONNULL = YES;
				CLANG_ANALYZER_NUMBER_OBJECT_CONVERSION = YES_AGGRESSIVE;
				CLANG_CXX_LANGUAGE_STANDARD = "gnu++14";
				CLANG_CXX_LIBRARY = "libc++";
				CLANG_ENABLE_MODULES = YES;
				CLANG_ENABLE_OBJC_ARC = YES;
				CLANG_WARN_BLOCK_CAPTURE_AUTORELEASING = YES;
				CLANG_WARN_BOOL_CONVERSION = YES;
				CLANG_WARN_COMMA = YES;
				CLANG_WARN_CONSTANT_CONVERSION = YES;
				CLANG_WARN_DIRECT_OBJC_ISA_USAGE = YES_ERROR;
				CLANG_WARN_DOCUMENTATION_COMMENTS = YES;
				CLANG_WARN_EMPTY_BODY = YES;
				CLANG_WARN_ENUM_CONVERSION = YES;
				CLANG_WARN_INFINITE_RECURSION = YES;
				CLANG_WARN_INT_CONVERSION = YES;
				CLANG_WARN_NON_LITERAL_NULL_CONVERSION = YES;
				CLANG_WARN_OBJC_LITERAL_CONVERSION = YES;
				CLANG_WARN_OBJC_ROOT_CLASS = YES_ERROR;
				CLANG_WARN_RANGE_LOOP_ANALYSIS = YES;
				CLANG_WARN_STRICT_PROTOTYPES = YES;
				CLANG_WARN_SUSPICIOUS_MOVE = YES;
				CLANG_WARN_UNGUARDED_AVAILABILITY = YES_AGGRESSIVE;
				CLANG_WARN_UNREACHABLE_CODE = YES;
				CLANG_WARN__DUPLICATE_METHOD_MATCH = YES;
				CODE_SIGN_IDENTITY = "iPhone Developer";
				COPY_PHASE_STRIP = NO;
				DEBUG_INFORMATION_FORMAT = "dwarf-with-dsym";
				ENABLE_NS_ASSERTIONS = NO;
				ENABLE_STRICT_OBJC_MSGSEND = YES;
				GCC_C_LANGUAGE_STANDARD = gnu11;
				GCC_NO_COMMON_BLOCKS = YES;
				GCC_WARN_64_TO_32_BIT_CONVERSION = YES;
				GCC_WARN_ABOUT_RETURN_TYPE = YES_ERROR;
				GCC_WARN_UNDECLARED_SELECTOR = YES;
				GCC_WARN_UNINITIALIZED_AUTOS = YES_AGGRESSIVE;
				GCC_WARN_UNUSED_FUNCTION = YES;
				GCC_WARN_UNUSED_VARIABLE = YES;
				IPHONEOS_DEPLOYMENT_TARGET = 11.0;
				MTL_ENABLE_DEBUG_INFO = NO;
				SDKROOT = iphoneos;
				SWIFT_OPTIMIZATION_LEVEL = "-Owholemodule";
				VALIDATE_PRODUCT = YES;
			};
			name = Release;
		};
		C2609B601F88C48600303A9F /* Debug */ = {
			isa = XCBuildConfiguration;
			buildSettings = {
				ASSETCATALOG_COMPILER_APPICON_NAME = AppIcon;
				CODE_SIGN_STYLE = Automatic;
				DEVELOPMENT_TEAM = 3A35JM6C5V;
				INFOPLIST_FILE = "$(SRCROOT)/CalendarView/Info.plist";
				LD_RUNPATH_SEARCH_PATHS = "$(inherited) @executable_path/Frameworks";
				PRODUCT_BUNDLE_IDENTIFIER = com.applandeo.Calendar;
				PRODUCT_NAME = "$(TARGET_NAME)";
				SWIFT_VERSION = 4.0;
				TARGETED_DEVICE_FAMILY = "1,2";
			};
			name = Debug;
		};
		C2609B611F88C48600303A9F /* Release */ = {
			isa = XCBuildConfiguration;
			buildSettings = {
				ASSETCATALOG_COMPILER_APPICON_NAME = AppIcon;
				CODE_SIGN_STYLE = Automatic;
				DEVELOPMENT_TEAM = 3A35JM6C5V;
				INFOPLIST_FILE = "$(SRCROOT)/CalendarView/Info.plist";
				LD_RUNPATH_SEARCH_PATHS = "$(inherited) @executable_path/Frameworks";
				PRODUCT_BUNDLE_IDENTIFIER = com.applandeo.Calendar;
				PRODUCT_NAME = "$(TARGET_NAME)";
				SWIFT_VERSION = 4.0;
				TARGETED_DEVICE_FAMILY = "1,2";
			};
			name = Release;
		};
/* End XCBuildConfiguration section */

/* Begin XCConfigurationList section */
		C2609B481F88C48600303A9F /* Build configuration list for PBXProject "Calendar" */ = {
			isa = XCConfigurationList;
			buildConfigurations = (
				C2609B5D1F88C48600303A9F /* Debug */,
				C2609B5E1F88C48600303A9F /* Release */,
			);
			defaultConfigurationIsVisible = 0;
			defaultConfigurationName = Release;
		};
		C2609B5F1F88C48600303A9F /* Build configuration list for PBXNativeTarget "Calendar" */ = {
			isa = XCConfigurationList;
			buildConfigurations = (
				C2609B601F88C48600303A9F /* Debug */,
				C2609B611F88C48600303A9F /* Release */,
			);
			defaultConfigurationIsVisible = 0;
			defaultConfigurationName = Release;
		};
/* End XCConfigurationList section */
	};
	rootObject = C2609B451F88C48600303A9F /* Project object */;
}
